dependencies:
- name: opentelemetry-collector
  repository: https://open-telemetry.github.io/opentelemetry-helm-charts
  version: 0.111.1
- name: prometheus
  repository: https://prometheus-community.github.io/helm-charts
  version: 27.1.0
digest: sha256:454e2d50c798483b838d1001b9689c8956a8f30bcae5f8590579e6f625186e73
generated: "2025-01-30T11:58:35.673434572-03:00"
